// !$*UTF8*$!
{
	archiveVersion = 1;
	classes = {
	};
	objectVersion = 56;
	objects = {

/* Begin PBXBuildFile section */
		188DBE9E2D05A1EB00BEBDED /* Book.swift in Sources */ = {isa = PBXBuildFile; fileRef = 188DBE9D2D05A1EB00BEBDED /* Book.swift */; };
		188DBEA02D05A6C400BEBDED /* RatingsView.swift in Sources */ = {isa = PBXBuildFile; fileRef = 188DBE9F2D05A6C400BEBDED /* RatingsView.swift */; };
		188DBEA22D05A7BA00BEBDED /* NewBookView.swift in Sources */ = {isa = PBXBuildFile; fileRef = 188DBEA12D05A7BA00BEBDED /* NewBookView.swift */; };
		188DBEA42D05B6D200BEBDED /* EditBookView.swift in Sources */ = {isa = PBXBuildFile; fileRef = 188DBEA32D05B6D200BEBDED /* EditBookView.swift */; };
		18BF90FE2D0584FE002E7E49 /* MyBooksApp.swift in Sources */ = {isa = PBXBuildFile; fileRef = 18BF90FD2D0584FE002E7E49 /* MyBooksApp.swift */; };
		18BF91002D0584FE002E7E49 /* BookListView.swift in Sources */ = {isa = PBXBuildFile; fileRef = 18BF90FF2D0584FE002E7E49 /* BookListView.swift */; };
		18BF91022D0584FF002E7E49 /* Assets.xcassets in Resources */ = {isa = PBXBuildFile; fileRef = 18BF91012D0584FF002E7E49 /* Assets.xcassets */; };
		18BF91052D0584FF002E7E49 /* Preview Assets.xcassets in Resources */ = {isa = PBXBuildFile; fileRef = 18BF91042D0584FF002E7E49 /* Preview Assets.xcassets */; };
		18BFC7142D06E08C00166FE6 /* PreviewContainer.swift in Sources */ = {isa = PBXBuildFile; fileRef = 18BFC7132D06E08B00166FE6 /* PreviewContainer.swift */; };
		18BFC7162D06E09500166FE6 /* BookSamples.swift in Sources */ = {isa = PBXBuildFile; fileRef = 18BFC7152D06E09400166FE6 /* BookSamples.swift */; };
		18BFC7182D06E28400166FE6 /* BookList.swift in Sources */ = {isa = PBXBuildFile; fileRef = 18BFC7172D06E28300166FE6 /* BookList.swift */; };
		18BFC71C2D081B6E00166FE6 /* QuotesListView.swift in Sources */ = {isa = PBXBuildFile; fileRef = 18BFC71B2D081B6D00166FE6 /* QuotesListView.swift */; };
		18BFC71E2D081B7A00166FE6 /* Quote.swift in Sources */ = {isa = PBXBuildFile; fileRef = 18BFC71D2D081B7A00166FE6 /* Quote.swift */; };
		18BFC7242D08260900166FE6 /* Genre.swift in Sources */ = {isa = PBXBuildFile; fileRef = 18BFC7232D08260900166FE6 /* Genre.swift */; };
		18BFC7282D08266B00166FE6 /* Color+Extension.swift in Sources */ = {isa = PBXBuildFile; fileRef = 18BFC7262D08266B00166FE6 /* Color+Extension.swift */; };
		18BFC7292D08266B00166FE6 /* UIColor+Extension.swift in Sources */ = {isa = PBXBuildFile; fileRef = 18BFC7252D08266B00166FE6 /* UIColor+Extension.swift */; };
		18BFC72C2D08271000166FE6 /* GenresView.swift in Sources */ = {isa = PBXBuildFile; fileRef = 18BFC72B2D08270F00166FE6 /* GenresView.swift */; };
		18BFC72E2D08284B00166FE6 /* GenresStackView.swift in Sources */ = {isa = PBXBuildFile; fileRef = 18BFC72D2D08284A00166FE6 /* GenresStackView.swift */; };
		18BFC7302D08287800166FE6 /* NewGenreView.swift in Sources */ = {isa = PBXBuildFile; fileRef = 18BFC72F2D08287700166FE6 /* NewGenreView.swift */; };
/* End PBXBuildFile section */

/* Begin PBXFileReference section */
		188DBE9D2D05A1EB00BEBDED /* Book.swift */ = {isa = PBXFileReference; lastKnownFileType = sourcecode.swift; path = Book.swift; sourceTree = "<group>"; };
		188DBE9F2D05A6C400BEBDED /* RatingsView.swift */ = {isa = PBXFileReference; lastKnownFileType = sourcecode.swift; path = RatingsView.swift; sourceTree = "<group>"; };
		188DBEA12D05A7BA00BEBDED /* NewBookView.swift */ = {isa = PBXFileReference; lastKnownFileType = sourcecode.swift; path = NewBookView.swift; sourceTree = "<group>"; };
		188DBEA32D05B6D200BEBDED /* EditBookView.swift */ = {isa = PBXFileReference; lastKnownFileType = sourcecode.swift; path = EditBookView.swift; sourceTree = "<group>"; };
		18BF90FA2D0584FE002E7E49 /* MyBooks.app */ = {isa = PBXFileReference; explicitFileType = wrapper.application; includeInIndex = 0; path = MyBooks.app; sourceTree = BUILT_PRODUCTS_DIR; };
		18BF90FD2D0584FE002E7E49 /* MyBooksApp.swift */ = {isa = PBXFileReference; lastKnownFileType = sourcecode.swift; path = MyBooksApp.swift; sourceTree = "<group>"; };
		18BF90FF2D0584FE002E7E49 /* BookListView.swift */ = {isa = PBXFileReference; lastKnownFileType = sourcecode.swift; path = BookListView.swift; sourceTree = "<group>"; };
		18BF91012D0584FF002E7E49 /* Assets.xcassets */ = {isa = PBXFileReference; lastKnownFileType = folder.assetcatalog; path = Assets.xcassets; sourceTree = "<group>"; };
		18BF91042D0584FF002E7E49 /* Preview Assets.xcassets */ = {isa = PBXFileReference; lastKnownFileType = folder.assetcatalog; path = "Preview Assets.xcassets"; sourceTree = "<group>"; };
		18BFC7132D06E08B00166FE6 /* PreviewContainer.swift */ = {isa = PBXFileReference; lastKnownFileType = sourcecode.swift; path = PreviewContainer.swift; sourceTree = "<group>"; };
		18BFC7152D06E09400166FE6 /* BookSamples.swift */ = {isa = PBXFileReference; lastKnownFileType = sourcecode.swift; path = BookSamples.swift; sourceTree = "<group>"; };
		18BFC7172D06E28300166FE6 /* BookList.swift */ = {isa = PBXFileReference; lastKnownFileType = sourcecode.swift; path = BookList.swift; sourceTree = "<group>"; };
		18BFC71B2D081B6D00166FE6 /* QuotesListView.swift */ = {isa = PBXFileReference; lastKnownFileType = sourcecode.swift; path = QuotesListView.swift; sourceTree = "<group>"; };
		18BFC71D2D081B7A00166FE6 /* Quote.swift */ = {isa = PBXFileReference; lastKnownFileType = sourcecode.swift; path = Quote.swift; sourceTree = "<group>"; };
		18BFC7232D08260900166FE6 /* Genre.swift */ = {isa = PBXFileReference; lastKnownFileType = sourcecode.swift; path = Genre.swift; sourceTree = "<group>"; };
		18BFC7252D08266B00166FE6 /* UIColor+Extension.swift */ = {isa = PBXFileReference; lastKnownFileType = sourcecode.swift; path = "UIColor+Extension.swift"; sourceTree = "<group>"; };
		18BFC7262D08266B00166FE6 /* Color+Extension.swift */ = {isa = PBXFileReference; lastKnownFileType = sourcecode.swift; path = "Color+Extension.swift"; sourceTree = "<group>"; };
		18BFC72B2D08270F00166FE6 /* GenresView.swift */ = {isa = PBXFileReference; lastKnownFileType = sourcecode.swift; path = GenresView.swift; sourceTree = "<group>"; };
		18BFC72D2D08284A00166FE6 /* GenresStackView.swift */ = {isa = PBXFileReference; lastKnownFileType = sourcecode.swift; path = GenresStackView.swift; sourceTree = "<group>"; };
		18BFC72F2D08287700166FE6 /* NewGenreView.swift */ = {isa = PBXFileReference; lastKnownFileType = sourcecode.swift; path = NewGenreView.swift; sourceTree = "<group>"; };
/* End PBXFileReference section */

/* Begin PBXFrameworksBuildPhase section */
		18BF90F72D0584FE002E7E49 /* Frameworks */ = {
			isa = PBXFrameworksBuildPhase;
			buildActionMask = 2147483647;
			files = (
			);
			runOnlyForDeploymentPostprocessing = 0;
		};
/* End PBXFrameworksBuildPhase section */

/* Begin PBXGroup section */
		18BF90F12D0584FE002E7E49 = {
			isa = PBXGroup;
			children = (
				18BF90FC2D0584FE002E7E49 /* MyBooks */,
				18BF90FB2D0584FE002E7E49 /* Products */,
			);
			sourceTree = "<group>";
		};
		18BF90FB2D0584FE002E7E49 /* Products */ = {
			isa = PBXGroup;
			children = (
				18BF90FA2D0584FE002E7E49 /* MyBooks.app */,
			);
			name = Products;
			sourceTree = "<group>";
		};
		18BF90FC2D0584FE002E7E49 /* MyBooks */ = {
			isa = PBXGroup;
			children = (
				18BF90FD2D0584FE002E7E49 /* MyBooksApp.swift */,
				18BF91012D0584FF002E7E49 /* Assets.xcassets */,
				18BFC7222D0825F400166FE6 /* Accessory View */,
				18BFC71F2D08259D00166FE6 /* Book */,
				18BFC7272D08266B00166FE6 /* Extensions */,
				18BFC72A2D0826B700166FE6 /* Genres */,
				18BFC7212D0825C000166FE6 /* Models */,
				18BF91032D0584FF002E7E49 /* Preview Content */,
				18BFC7202D0825AB00166FE6 /* Quotes */,
			);
			path = MyBooks;
			sourceTree = "<group>";
		};
		18BF91032D0584FF002E7E49 /* Preview Content */ = {
			isa = PBXGroup;
			children = (
				18BFC7132D06E08B00166FE6 /* PreviewContainer.swift */,
				18BFC7152D06E09400166FE6 /* BookSamples.swift */,
				18BF91042D0584FF002E7E49 /* Preview Assets.xcassets */,
			);
			path = "Preview Content";
			sourceTree = "<group>";
		};
		18BFC71F2D08259D00166FE6 /* Book */ = {
			isa = PBXGroup;
			children = (
				18BF90FF2D0584FE002E7E49 /* BookListView.swift */,
				18BFC7172D06E28300166FE6 /* BookList.swift */,
				188DBEA32D05B6D200BEBDED /* EditBookView.swift */,
				188DBEA12D05A7BA00BEBDED /* NewBookView.swift */,
			);
			path = Book;
			sourceTree = "<group>";
		};
		18BFC7202D0825AB00166FE6 /* Quotes */ = {
			isa = PBXGroup;
			children = (
				18BFC71B2D081B6D00166FE6 /* QuotesListView.swift */,
			);
			path = Quotes;
			sourceTree = "<group>";
		};
		18BFC7212D0825C000166FE6 /* Models */ = {
			isa = PBXGroup;
			children = (
				188DBE9D2D05A1EB00BEBDED /* Book.swift */,
				18BFC71D2D081B7A00166FE6 /* Quote.swift */,
				18BFC7232D08260900166FE6 /* Genre.swift */,
			);
			path = Models;
			sourceTree = "<group>";
		};
		18BFC7222D0825F400166FE6 /* Accessory View */ = {
			isa = PBXGroup;
			children = (
				188DBE9F2D05A6C400BEBDED /* RatingsView.swift */,
			);
			path = "Accessory View";
			sourceTree = "<group>";
		};
		18BFC7272D08266B00166FE6 /* Extensions */ = {
			isa = PBXGroup;
			children = (
				18BFC7252D08266B00166FE6 /* UIColor+Extension.swift */,
				18BFC7262D08266B00166FE6 /* Color+Extension.swift */,
			);
			path = Extensions;
			sourceTree = "<group>";
		};
		18BFC72A2D0826B700166FE6 /* Genres */ = {
			isa = PBXGroup;
			children = (
				18BFC72B2D08270F00166FE6 /* GenresView.swift */,
				18BFC72D2D08284A00166FE6 /* GenresStackView.swift */,
				18BFC72F2D08287700166FE6 /* NewGenreView.swift */,
			);
			path = Genres;
			sourceTree = "<group>";
		};
/* End PBXGroup section */

/* Begin PBXNativeTarget section */
		18BF90F92D0584FE002E7E49 /* MyBooks */ = {
			isa = PBXNativeTarget;
			buildConfigurationList = 18BF91082D0584FF002E7E49 /* Build configuration list for PBXNativeTarget "MyBooks" */;
			buildPhases = (
				18BF90F62D0584FE002E7E49 /* Sources */,
				18BF90F72D0584FE002E7E49 /* Frameworks */,
				18BF90F82D0584FE002E7E49 /* Resources */,
			);
			buildRules = (
			);
			dependencies = (
			);
			name = MyBooks;
			productName = MyBooks;
			productReference = 18BF90FA2D0584FE002E7E49 /* MyBooks.app */;
			productType = "com.apple.product-type.application";
		};
/* End PBXNativeTarget section */

/* Begin PBXProject section */
		18BF90F22D0584FE002E7E49 /* Project object */ = {
			isa = PBXProject;
			attributes = {
				BuildIndependentTargetsInParallel = 1;
				LastSwiftUpdateCheck = 1500;
				LastUpgradeCheck = 1500;
				TargetAttributes = {
					18BF90F92D0584FE002E7E49 = {
						CreatedOnToolsVersion = 15.0.1;
					};
				};
			};
			buildConfigurationList = 18BF90F52D0584FE002E7E49 /* Build configuration list for PBXProject "MyBooks" */;
			compatibilityVersion = "Xcode 14.0";
			developmentRegion = en;
			hasScannedForEncodings = 0;
			knownRegions = (
				en,
				Base,
			);
			mainGroup = 18BF90F12D0584FE002E7E49;
			productRefGroup = 18BF90FB2D0584FE002E7E49 /* Products */;
			projectDirPath = "";
			projectRoot = "";
			targets = (
				18BF90F92D0584FE002E7E49 /* MyBooks */,
			);
		};
/* End PBXProject section */

/* Begin PBXResourcesBuildPhase section */
		18BF90F82D0584FE002E7E49 /* Resources */ = {
			isa = PBXResourcesBuildPhase;
			buildActionMask = 2147483647;
			files = (
				18BF91052D0584FF002E7E49 /* Preview Assets.xcassets in Resources */,
				18BF91022D0584FF002E7E49 /* Assets.xcassets in Resources */,
			);
			runOnlyForDeploymentPostprocessing = 0;
		};
/* End PBXResourcesBuildPhase section */

/* Begin PBXSourcesBuildPhase section */
		18BF90F62D0584FE002E7E49 /* Sources */ = {
			isa = PBXSourcesBuildPhase;
			buildActionMask = 2147483647;
			files = (
				18BF91002D0584FE002E7E49 /* BookListView.swift in Sources */,
				18BF90FE2D0584FE002E7E49 /* MyBooksApp.swift in Sources */,
				188DBE9E2D05A1EB00BEBDED /* Book.swift in Sources */,
				18BFC7302D08287800166FE6 /* NewGenreView.swift in Sources */,
				18BFC7242D08260900166FE6 /* Genre.swift in Sources */,
				18BFC72C2D08271000166FE6 /* GenresView.swift in Sources */,
				18BFC72E2D08284B00166FE6 /* GenresStackView.swift in Sources */,
				18BFC7182D06E28400166FE6 /* BookList.swift in Sources */,
				188DBEA42D05B6D200BEBDED /* EditBookView.swift in Sources */,
				18BFC7162D06E09500166FE6 /* BookSamples.swift in Sources */,
				18BFC7282D08266B00166FE6 /* Color+Extension.swift in Sources */,
				18BFC7292D08266B00166FE6 /* UIColor+Extension.swift in Sources */,
				188DBEA22D05A7BA00BEBDED /* NewBookView.swift in Sources */,
				18BFC71E2D081B7A00166FE6 /* Quote.swift in Sources */,
				18BFC7142D06E08C00166FE6 /* PreviewContainer.swift in Sources */,
				188DBEA02D05A6C400BEBDED /* RatingsView.swift in Sources */,
				18BFC71C2D081B6E00166FE6 /* QuotesListView.swift in Sources */,
			);
			runOnlyForDeploymentPostprocessing = 0;
		};
/* End PBXSourcesBuildPhase section */

/* Begin XCBuildConfiguration section */
		18BF91062D0584FF002E7E49 /* Debug */ = {
			isa = XCBuildConfiguration;
			buildSettings = {
				ALWAYS_SEARCH_USER_PATHS = NO;
				ASSETCATALOG_COMPILER_GENERATE_SWIFT_ASSET_SYMBOL_EXTENSIONS = YES;
				CLANG_ANALYZER_NONNULL = YES;
				CLANG_ANALYZER_NUMBER_OBJECT_CONVERSION = YES_AGGRESSIVE;
				CLANG_CXX_LANGUAGE_STANDARD = "gnu++20";
				CLANG_ENABLE_MODULES = YES;
				CLANG_ENABLE_OBJC_ARC = YES;
				CLANG_ENABLE_OBJC_WEAK = YES;
				CLANG_WARN_BLOCK_CAPTURE_AUTORELEASING = YES;
				CLANG_WARN_BOOL_CONVERSION = YES;
				CLANG_WARN_COMMA = YES;
				CLANG_WARN_CONSTANT_CONVERSION = YES;
				CLANG_WARN_DEPRECATED_OBJC_IMPLEMENTATIONS = YES;
				CLANG_WARN_DIRECT_OBJC_ISA_USAGE = YES_ERROR;
				CLANG_WARN_DOCUMENTATION_COMMENTS = YES;
				CLANG_WARN_EMPTY_BODY = YES;
				CLANG_WARN_ENUM_CONVERSION = YES;
				CLANG_WARN_INFINITE_RECURSION = YES;
				CLANG_WARN_INT_CONVERSION = YES;
				CLANG_WARN_NON_LITERAL_NULL_CONVERSION = YES;
				CLANG_WARN_OBJC_IMPLICIT_RETAIN_SELF = YES;
				CLANG_WARN_OBJC_LITERAL_CONVERSION = YES;
				CLANG_WARN_OBJC_ROOT_CLASS = YES_ERROR;
				CLANG_WARN_QUOTED_INCLUDE_IN_FRAMEWORK_HEADER = YES;
				CLANG_WARN_RANGE_LOOP_ANALYSIS = YES;
				CLANG_WARN_STRICT_PROTOTYPES = YES;
				CLANG_WARN_SUSPICIOUS_MOVE = YES;
				CLANG_WARN_UNGUARDED_AVAILABILITY = YES_AGGRESSIVE;
				CLANG_WARN_UNREACHABLE_CODE = YES;
				CLANG_WARN__DUPLICATE_METHOD_MATCH = YES;
				COPY_PHASE_STRIP = NO;
				DEBUG_INFORMATION_FORMAT = dwarf;
				ENABLE_STRICT_OBJC_MSGSEND = YES;
				ENABLE_TESTABILITY = YES;
				ENABLE_USER_SCRIPT_SANDBOXING = YES;
				GCC_C_LANGUAGE_STANDARD = gnu17;
				GCC_DYNAMIC_NO_PIC = NO;
				GCC_NO_COMMON_BLOCKS = YES;
				GCC_OPTIMIZATION_LEVEL = 0;
				GCC_PREPROCESSOR_DEFINITIONS = (
					"DEBUG=1",
					"$(inherited)",
				);
				GCC_WARN_64_TO_32_BIT_CONVERSION = YES;
				GCC_WARN_ABOUT_RETURN_TYPE = YES_ERROR;
				GCC_WARN_UNDECLARED_SELECTOR = YES;
				GCC_WARN_UNINITIALIZED_AUTOS = YES_AGGRESSIVE;
				GCC_WARN_UNUSED_FUNCTION = YES;
				GCC_WARN_UNUSED_VARIABLE = YES;
				IPHONEOS_DEPLOYMENT_TARGET = 17.0;
				LOCALIZATION_PREFERS_STRING_CATALOGS = YES;
				MTL_ENABLE_DEBUG_INFO = INCLUDE_SOURCE;
				MTL_FAST_MATH = YES;
				ONLY_ACTIVE_ARCH = YES;
				SDKROOT = iphoneos;
				SWIFT_ACTIVE_COMPILATION_CONDITIONS = "DEBUG $(inherited)";
				SWIFT_OPTIMIZATION_LEVEL = "-Onone";
			};
			name = Debug;
		};
		18BF91072D0584FF002E7E49 /* Release */ = {
			isa = XCBuildConfiguration;
			buildSettings = {
				ALWAYS_SEARCH_USER_PATHS = NO;
				ASSETCATALOG_COMPILER_GENERATE_SWIFT_ASSET_SYMBOL_EXTENSIONS = YES;
				CLANG_ANALYZER_NONNULL = YES;
				CLANG_ANALYZER_NUMBER_OBJECT_CONVERSION = YES_AGGRESSIVE;
				CLANG_CXX_LANGUAGE_STANDARD = "gnu++20";
				CLANG_ENABLE_MODULES = YES;
				CLANG_ENABLE_OBJC_ARC = YES;
				CLANG_ENABLE_OBJC_WEAK = YES;
				CLANG_WARN_BLOCK_CAPTURE_AUTORELEASING = YES;
				CLANG_WARN_BOOL_CONVERSION = YES;
				CLANG_WARN_COMMA = YES;
				CLANG_WARN_CONSTANT_CONVERSION = YES;
				CLANG_WARN_DEPRECATED_OBJC_IMPLEMENTATIONS = YES;
				CLANG_WARN_DIRECT_OBJC_ISA_USAGE = YES_ERROR;
				CLANG_WARN_DOCUMENTATION_COMMENTS = YES;
				CLANG_WARN_EMPTY_BODY = YES;
				CLANG_WARN_ENUM_CONVERSION = YES;
				CLANG_WARN_INFINITE_RECURSION = YES;
				CLANG_WARN_INT_CONVERSION = YES;
				CLANG_WARN_NON_LITERAL_NULL_CONVERSION = YES;
				CLANG_WARN_OBJC_IMPLICIT_RETAIN_SELF = YES;
				CLANG_WARN_OBJC_LITERAL_CONVERSION = YES;
				CLANG_WARN_OBJC_ROOT_CLASS = YES_ERROR;
				CLANG_WARN_QUOTED_INCLUDE_IN_FRAMEWORK_HEADER = YES;
				CLANG_WARN_RANGE_LOOP_ANALYSIS = YES;
				CLANG_WARN_STRICT_PROTOTYPES = YES;
				CLANG_WARN_SUSPICIOUS_MOVE = YES;
				CLANG_WARN_UNGUARDED_AVAILABILITY = YES_AGGRESSIVE;
				CLANG_WARN_UNREACHABLE_CODE = YES;
				CLANG_WARN__DUPLICATE_METHOD_MATCH = YES;
				COPY_PHASE_STRIP = NO;
				DEBUG_INFORMATION_FORMAT = "dwarf-with-dsym";
				ENABLE_NS_ASSERTIONS = NO;
				ENABLE_STRICT_OBJC_MSGSEND = YES;
				ENABLE_USER_SCRIPT_SANDBOXING = YES;
				GCC_C_LANGUAGE_STANDARD = gnu17;
				GCC_NO_COMMON_BLOCKS = YES;
				GCC_WARN_64_TO_32_BIT_CONVERSION = YES;
				GCC_WARN_ABOUT_RETURN_TYPE = YES_ERROR;
				GCC_WARN_UNDECLARED_SELECTOR = YES;
				GCC_WARN_UNINITIALIZED_AUTOS = YES_AGGRESSIVE;
				GCC_WARN_UNUSED_FUNCTION = YES;
				GCC_WARN_UNUSED_VARIABLE = YES;
				IPHONEOS_DEPLOYMENT_TARGET = 17.0;
				LOCALIZATION_PREFERS_STRING_CATALOGS = YES;
				MTL_ENABLE_DEBUG_INFO = NO;
				MTL_FAST_MATH = YES;
				SDKROOT = iphoneos;
				SWIFT_COMPILATION_MODE = wholemodule;
				VALIDATE_PRODUCT = YES;
			};
			name = Release;
		};
		18BF91092D0584FF002E7E49 /* Debug */ = {
			isa = XCBuildConfiguration;
			buildSettings = {
				ASSETCATALOG_COMPILER_APPICON_NAME = AppIcon;
				ASSETCATALOG_COMPILER_GLOBAL_ACCENT_COLOR_NAME = AccentColor;
				CODE_SIGN_STYLE = Automatic;
				CURRENT_PROJECT_VERSION = 1;
				DEVELOPMENT_ASSET_PATHS = "\"MyBooks/Preview Content\"";
				DEVELOPMENT_TEAM = CPL4GGWSTS;
				ENABLE_PREVIEWS = YES;
				GENERATE_INFOPLIST_FILE = YES;
				INFOPLIST_KEY_UIApplicationSceneManifest_Generation = YES;
				INFOPLIST_KEY_UIApplicationSupportsIndirectInputEvents = YES;
				INFOPLIST_KEY_UILaunchScreen_Generation = YES;
				INFOPLIST_KEY_UISupportedInterfaceOrientations_iPad = "UIInterfaceOrientationPortrait UIInterfaceOrientationPortraitUpsideDown UIInterfaceOrientationLandscapeLeft UIInterfaceOrientationLandscapeRight";
				INFOPLIST_KEY_UISupportedInterfaceOrientations_iPhone = "UIInterfaceOrientationPortrait UIInterfaceOrientationLandscapeLeft UIInterfaceOrientationLandscapeRight";
				LD_RUNPATH_SEARCH_PATHS = (
					"$(inherited)",
					"@executable_path/Frameworks",
				);
				MARKETING_VERSION = 1.0;
				PRODUCT_BUNDLE_IDENTIFIER = com.uusafe.MyBooks;
				PRODUCT_NAME = "$(TARGET_NAME)";
				SWIFT_EMIT_LOC_STRINGS = YES;
				SWIFT_VERSION = 5.0;
				TARGETED_DEVICE_FAMILY = "1,2";
			};
			name = Debug;
		};
		18BF910A2D0584FF002E7E49 /* Release */ = {
			isa = XCBuildConfiguration;
			buildSettings = {
				ASSETCATALOG_COMPILER_APPICON_NAME = AppIcon;
				ASSETCATALOG_COMPILER_GLOBAL_ACCENT_COLOR_NAME = AccentColor;
				CODE_SIGN_STYLE = Automatic;
				CURRENT_PROJECT_VERSION = 1;
				DEVELOPMENT_ASSET_PATHS = "\"MyBooks/Preview Content\"";
				DEVELOPMENT_TEAM = CPL4GGWSTS;
				ENABLE_PREVIEWS = YES;
				GENERATE_INFOPLIST_FILE = YES;
				INFOPLIST_KEY_UIApplicationSceneManifest_Generation = YES;
				INFOPLIST_KEY_UIApplicationSupportsIndirectInputEvents = YES;
				INFOPLIST_KEY_UILaunchScreen_Generation = YES;
				INFOPLIST_KEY_UISupportedInterfaceOrientations_iPad = "UIInterfaceOrientationPortrait UIInterfaceOrientationPortraitUpsideDown UIInterfaceOrientationLandscapeLeft UIInterfaceOrientationLandscapeRight";
				INFOPLIST_KEY_UISupportedInterfaceOrientations_iPhone = "UIInterfaceOrientationPortrait UIInterfaceOrientationLandscapeLeft UIInterfaceOrientationLandscapeRight";
				LD_RUNPATH_SEARCH_PATHS = (
					"$(inherited)",
					"@executable_path/Frameworks",
				);
				MARKETING_VERSION = 1.0;
				PRODUCT_BUNDLE_IDENTIFIER = com.uusafe.MyBooks;
				PRODUCT_NAME = "$(TARGET_NAME)";
				SWIFT_EMIT_LOC_STRINGS = YES;
				SWIFT_VERSION = 5.0;
				TARGETED_DEVICE_FAMILY = "1,2";
			};
			name = Release;
		};
/* End XCBuildConfiguration section */

/* Begin XCConfigurationList section */
		18BF90F52D0584FE002E7E49 /* Build configuration list for PBXProject "MyBooks" */ = {
			isa = XCConfigurationList;
			buildConfigurations = (
				18BF91062D0584FF002E7E49 /* Debug */,
				18BF91072D0584FF002E7E49 /* Release */,
			);
			defaultConfigurationIsVisible = 0;
			defaultConfigurationName = Release;
		};
		18BF91082D0584FF002E7E49 /* Build configuration list for PBXNativeTarget "MyBooks" */ = {
			isa = XCConfigurationList;
			buildConfigurations = (
				18BF91092D0584FF002E7E49 /* Debug */,
				18BF910A2D0584FF002E7E49 /* Release */,
			);
			defaultConfigurationIsVisible = 0;
			defaultConfigurationName = Release;
		};
/* End XCConfigurationList section */
	};
	rootObject = 18BF90F22D0584FE002E7E49 /* Project object */;
}
