// !$*UTF8*$!
{
	archiveVersion = 1;
	classes = {
	};
	objectVersion = 56;
	objects = {

/* Begin PBXBuildFile section */
		1828D5D42CF40BD000E5EF75 /* 06MarkdownUI.swift in Sources */ = {isa = PBXBuildFile; fileRef = 1828D5D32CF40BC400E5EF75 /* 06MarkdownUI.swift */; };
		1828D5D72CF40E8C00E5EF75 /* MarkdownUI in Frameworks */ = {isa = PBXBuildFile; productRef = 1828D5D62CF40E8C00E5EF75 /* MarkdownUI */; };
		1828D5DF2CF5A0FF00E5EF75 /* 03ScrollImage.swift in Sources */ = {isa = PBXBuildFile; fileRef = 1828D5DE2CF5A0FF00E5EF75 /* 03ScrollImage.swift */; };
		1833F8AE2CEF080000417C8F /* 01Alignment.swift in Sources */ = {isa = PBXBuildFile; fileRef = 1833F8AD2CEF07EE00417C8F /* 01Alignment.swift */; };
		1833F8B02CEF1A8900417C8F /* 02HStack.swift in Sources */ = {isa = PBXBuildFile; fileRef = 1833F8AF2CEF1A7F00417C8F /* 02HStack.swift */; };
		184A2DA92C53EB3000A743A3 /* SwiftUILearnApp.swift in Sources */ = {isa = PBXBuildFile; fileRef = 184A2DA82C53EB3000A743A3 /* SwiftUILearnApp.swift */; };
		184A2DAB2C53EB3000A743A3 /* ContentView.swift in Sources */ = {isa = PBXBuildFile; fileRef = 184A2DAA2C53EB3000A743A3 /* ContentView.swift */; };
		184A2DAD2C53EB3100A743A3 /* Assets.xcassets in Resources */ = {isa = PBXBuildFile; fileRef = 184A2DAC2C53EB3100A743A3 /* Assets.xcassets */; };
		184A2DB12C53EB3100A743A3 /* Preview Assets.xcassets in Resources */ = {isa = PBXBuildFile; fileRef = 184A2DB02C53EB3100A743A3 /* Preview Assets.xcassets */; };
		184A2DBB2C550BFE00A743A3 /* 04Stack.swift in Sources */ = {isa = PBXBuildFile; fileRef = 184A2DBA2C550BFE00A743A3 /* 04Stack.swift */; };
		184A2DBD2C562EDB00A743A3 /* 05ScrollView.swift in Sources */ = {isa = PBXBuildFile; fileRef = 184A2DBC2C562EDB00A743A3 /* 05ScrollView.swift */; };
		18E8C1C02CFD7F5A0085BE83 /* 07Transition.swift in Sources */ = {isa = PBXBuildFile; fileRef = 18E8C1BF2CFD7F5A0085BE83 /* 07Transition.swift */; };
/* End PBXBuildFile section */

/* Begin PBXFileReference section */
		1828D5D32CF40BC400E5EF75 /* 06MarkdownUI.swift */ = {isa = PBXFileReference; lastKnownFileType = sourcecode.swift; path = 06MarkdownUI.swift; sourceTree = "<group>"; };
		1828D5DE2CF5A0FF00E5EF75 /* 03ScrollImage.swift */ = {isa = PBXFileReference; lastKnownFileType = sourcecode.swift; path = 03ScrollImage.swift; sourceTree = "<group>"; };
		1833F8AD2CEF07EE00417C8F /* 01Alignment.swift */ = {isa = PBXFileReference; lastKnownFileType = sourcecode.swift; path = 01Alignment.swift; sourceTree = "<group>"; };
		1833F8AF2CEF1A7F00417C8F /* 02HStack.swift */ = {isa = PBXFileReference; lastKnownFileType = sourcecode.swift; path = 02HStack.swift; sourceTree = "<group>"; };
		184A2DA52C53EB3000A743A3 /* SwiftUILearn.app */ = {isa = PBXFileReference; explicitFileType = wrapper.application; includeInIndex = 0; path = SwiftUILearn.app; sourceTree = BUILT_PRODUCTS_DIR; };
		184A2DA82C53EB3000A743A3 /* SwiftUILearnApp.swift */ = {isa = PBXFileReference; lastKnownFileType = sourcecode.swift; path = SwiftUILearnApp.swift; sourceTree = "<group>"; };
		184A2DAA2C53EB3000A743A3 /* ContentView.swift */ = {isa = PBXFileReference; lastKnownFileType = sourcecode.swift; path = ContentView.swift; sourceTree = "<group>"; };
		184A2DAC2C53EB3100A743A3 /* Assets.xcassets */ = {isa = PBXFileReference; lastKnownFileType = folder.assetcatalog; path = Assets.xcassets; sourceTree = "<group>"; };
		184A2DAE2C53EB3100A743A3 /* SwiftUILearn.entitlements */ = {isa = PBXFileReference; lastKnownFileType = text.plist.entitlements; path = SwiftUILearn.entitlements; sourceTree = "<group>"; };
		184A2DB02C53EB3100A743A3 /* Preview Assets.xcassets */ = {isa = PBXFileReference; lastKnownFileType = folder.assetcatalog; path = "Preview Assets.xcassets"; sourceTree = "<group>"; };
		184A2DBA2C550BFE00A743A3 /* 04Stack.swift */ = {isa = PBXFileReference; lastKnownFileType = sourcecode.swift; path = 04Stack.swift; sourceTree = "<group>"; };
		184A2DBC2C562EDB00A743A3 /* 05ScrollView.swift */ = {isa = PBXFileReference; lastKnownFileType = sourcecode.swift; path = 05ScrollView.swift; sourceTree = "<group>"; };
		18E8C1BF2CFD7F5A0085BE83 /* 07Transition.swift */ = {isa = PBXFileReference; lastKnownFileType = sourcecode.swift; path = 07Transition.swift; sourceTree = "<group>"; };
/* End PBXFileReference section */

/* Begin PBXFrameworksBuildPhase section */
		184A2DA22C53EB3000A743A3 /* Frameworks */ = {
			isa = PBXFrameworksBuildPhase;
			buildActionMask = 2147483647;
			files = (
				1828D5D72CF40E8C00E5EF75 /* MarkdownUI in Frameworks */,
			);
			runOnlyForDeploymentPostprocessing = 0;
		};
/* End PBXFrameworksBuildPhase section */

/* Begin PBXGroup section */
		184A2D9C2C53EB3000A743A3 = {
			isa = PBXGroup;
			children = (
				184A2DA72C53EB3000A743A3 /* SwiftUILearn */,
				184A2DA62C53EB3000A743A3 /* Products */,
			);
			sourceTree = "<group>";
		};
		184A2DA62C53EB3000A743A3 /* Products */ = {
			isa = PBXGroup;
			children = (
				184A2DA52C53EB3000A743A3 /* SwiftUILearn.app */,
			);
			name = Products;
			sourceTree = "<group>";
		};
		184A2DA72C53EB3000A743A3 /* SwiftUILearn */ = {
			isa = PBXGroup;
			children = (
				184A2DA82C53EB3000A743A3 /* SwiftUILearnApp.swift */,
				184A2DAA2C53EB3000A743A3 /* ContentView.swift */,
				1833F8AD2CEF07EE00417C8F /* 01Alignment.swift */,
				1833F8AF2CEF1A7F00417C8F /* 02HStack.swift */,
				1828D5DE2CF5A0FF00E5EF75 /* 03ScrollImage.swift */,
				184A2DBA2C550BFE00A743A3 /* 04Stack.swift */,
				184A2DBC2C562EDB00A743A3 /* 05ScrollView.swift */,
				1828D5D32CF40BC400E5EF75 /* 06MarkdownUI.swift */,
				18E8C1BF2CFD7F5A0085BE83 /* 07Transition.swift */,
				184A2DAC2C53EB3100A743A3 /* Assets.xcassets */,
				184A2DAE2C53EB3100A743A3 /* SwiftUILearn.entitlements */,
				184A2DAF2C53EB3100A743A3 /* Preview Content */,
			);
			path = SwiftUILearn;
			sourceTree = "<group>";
		};
		184A2DAF2C53EB3100A743A3 /* Preview Content */ = {
			isa = PBXGroup;
			children = (
				184A2DB02C53EB3100A743A3 /* Preview Assets.xcassets */,
			);
			path = "Preview Content";
			sourceTree = "<group>";
		};
/* End PBXGroup section */

/* Begin PBXNativeTarget section */
		184A2DA42C53EB3000A743A3 /* SwiftUILearn */ = {
			isa = PBXNativeTarget;
			buildConfigurationList = 184A2DB42C53EB3100A743A3 /* Build configuration list for PBXNativeTarget "SwiftUILearn" */;
			buildPhases = (
				184A2DA12C53EB3000A743A3 /* Sources */,
				184A2DA22C53EB3000A743A3 /* Frameworks */,
				184A2DA32C53EB3000A743A3 /* Resources */,
			);
			buildRules = (
			);
			dependencies = (
			);
			name = SwiftUILearn;
			productName = SwiftUILearn;
			productReference = 184A2DA52C53EB3000A743A3 /* SwiftUILearn.app */;
			productType = "com.apple.product-type.application";
		};
/* End PBXNativeTarget section */

/* Begin PBXProject section */
		184A2D9D2C53EB3000A743A3 /* Project object */ = {
			isa = PBXProject;
			attributes = {
				BuildIndependentTargetsInParallel = 1;
				LastSwiftUpdateCheck = 1500;
				LastUpgradeCheck = 1500;
				TargetAttributes = {
					184A2DA42C53EB3000A743A3 = {
						CreatedOnToolsVersion = 15.0.1;
					};
				};
			};
			buildConfigurationList = 184A2DA02C53EB3000A743A3 /* Build configuration list for PBXProject "SwiftUILearn" */;
			compatibilityVersion = "Xcode 14.0";
			developmentRegion = en;
			hasScannedForEncodings = 0;
			knownRegions = (
				en,
				Base,
			);
			mainGroup = 184A2D9C2C53EB3000A743A3;
			packageReferences = (
				1828D5D52CF40E8C00E5EF75 /* XCRemoteSwiftPackageReference "swift-markdown-ui" */,
			);
			productRefGroup = 184A2DA62C53EB3000A743A3 /* Products */;
			projectDirPath = "";
			projectRoot = "";
			targets = (
				184A2DA42C53EB3000A743A3 /* SwiftUILearn */,
			);
		};
/* End PBXProject section */

/* Begin PBXResourcesBuildPhase section */
		184A2DA32C53EB3000A743A3 /* Resources */ = {
			isa = PBXResourcesBuildPhase;
			buildActionMask = 2147483647;
			files = (
				184A2DB12C53EB3100A743A3 /* Preview Assets.xcassets in Resources */,
				184A2DAD2C53EB3100A743A3 /* Assets.xcassets in Resources */,
			);
			runOnlyForDeploymentPostprocessing = 0;
		};
/* End PBXResourcesBuildPhase section */

/* Begin PBXSourcesBuildPhase section */
		184A2DA12C53EB3000A743A3 /* Sources */ = {
			isa = PBXSourcesBuildPhase;
			buildActionMask = 2147483647;
			files = (
				18E8C1C02CFD7F5A0085BE83 /* 07Transition.swift in Sources */,
				1828D5D42CF40BD000E5EF75 /* 06MarkdownUI.swift in Sources */,
				184A2DBD2C562EDB00A743A3 /* 05ScrollView.swift in Sources */,
				184A2DAB2C53EB3000A743A3 /* ContentView.swift in Sources */,
				1828D5DF2CF5A0FF00E5EF75 /* 03ScrollImage.swift in Sources */,
				1833F8B02CEF1A8900417C8F /* 02HStack.swift in Sources */,
				184A2DBB2C550BFE00A743A3 /* 04Stack.swift in Sources */,
				184A2DA92C53EB3000A743A3 /* SwiftUILearnApp.swift in Sources */,
				1833F8AE2CEF080000417C8F /* 01Alignment.swift in Sources */,
			);
			runOnlyForDeploymentPostprocessing = 0;
		};
/* End PBXSourcesBuildPhase section */

/* Begin XCBuildConfiguration section */
		184A2DB22C53EB3100A743A3 /* Debug */ = {
			isa = XCBuildConfiguration;
			buildSettings = {
				ALWAYS_SEARCH_USER_PATHS = NO;
				ASSETCATALOG_COMPILER_GENERATE_SWIFT_ASSET_SYMBOL_EXTENSIONS = YES;
				CLANG_ANALYZER_NONNULL = YES;
				CLANG_ANALYZER_NUMBER_OBJECT_CONVERSION = YES_AGGRESSIVE;
				CLANG_CXX_LANGUAGE_STANDARD = "gnu++20";
				CLANG_ENABLE_MODULES = YES;
				CLANG_ENABLE_OBJC_ARC = YES;
				CLANG_ENABLE_OBJC_WEAK = YES;
				CLANG_WARN_BLOCK_CAPTURE_AUTORELEASING = YES;
				CLANG_WARN_BOOL_CONVERSION = YES;
				CLANG_WARN_COMMA = YES;
				CLANG_WARN_CONSTANT_CONVERSION = YES;
				CLANG_WARN_DEPRECATED_OBJC_IMPLEMENTATIONS = YES;
				CLANG_WARN_DIRECT_OBJC_ISA_USAGE = YES_ERROR;
				CLANG_WARN_DOCUMENTATION_COMMENTS = YES;
				CLANG_WARN_EMPTY_BODY = YES;
				CLANG_WARN_ENUM_CONVERSION = YES;
				CLANG_WARN_INFINITE_RECURSION = YES;
				CLANG_WARN_INT_CONVERSION = YES;
				CLANG_WARN_NON_LITERAL_NULL_CONVERSION = YES;
				CLANG_WARN_OBJC_IMPLICIT_RETAIN_SELF = YES;
				CLANG_WARN_OBJC_LITERAL_CONVERSION = YES;
				CLANG_WARN_OBJC_ROOT_CLASS = YES_ERROR;
				CLANG_WARN_QUOTED_INCLUDE_IN_FRAMEWORK_HEADER = YES;
				CLANG_WARN_RANGE_LOOP_ANALYSIS = YES;
				CLANG_WARN_STRICT_PROTOTYPES = YES;
				CLANG_WARN_SUSPICIOUS_MOVE = YES;
				CLANG_WARN_UNGUARDED_AVAILABILITY = YES_AGGRESSIVE;
				CLANG_WARN_UNREACHABLE_CODE = YES;
				CLANG_WARN__DUPLICATE_METHOD_MATCH = YES;
				COPY_PHASE_STRIP = NO;
				DEBUG_INFORMATION_FORMAT = dwarf;
				ENABLE_STRICT_OBJC_MSGSEND = YES;
				ENABLE_TESTABILITY = YES;
				ENABLE_USER_SCRIPT_SANDBOXING = YES;
				GCC_C_LANGUAGE_STANDARD = gnu17;
				GCC_DYNAMIC_NO_PIC = NO;
				GCC_NO_COMMON_BLOCKS = YES;
				GCC_OPTIMIZATION_LEVEL = 0;
				GCC_PREPROCESSOR_DEFINITIONS = (
					"DEBUG=1",
					"$(inherited)",
				);
				GCC_WARN_64_TO_32_BIT_CONVERSION = YES;
				GCC_WARN_ABOUT_RETURN_TYPE = YES_ERROR;
				GCC_WARN_UNDECLARED_SELECTOR = YES;
				GCC_WARN_UNINITIALIZED_AUTOS = YES_AGGRESSIVE;
				GCC_WARN_UNUSED_FUNCTION = YES;
				GCC_WARN_UNUSED_VARIABLE = YES;
				LOCALIZATION_PREFERS_STRING_CATALOGS = YES;
				MTL_ENABLE_DEBUG_INFO = INCLUDE_SOURCE;
				MTL_FAST_MATH = YES;
				ONLY_ACTIVE_ARCH = YES;
				SWIFT_ACTIVE_COMPILATION_CONDITIONS = "DEBUG $(inherited)";
				SWIFT_OPTIMIZATION_LEVEL = "-Onone";
			};
			name = Debug;
		};
		184A2DB32C53EB3100A743A3 /* Release */ = {
			isa = XCBuildConfiguration;
			buildSettings = {
				ALWAYS_SEARCH_USER_PATHS = NO;
				ASSETCATALOG_COMPILER_GENERATE_SWIFT_ASSET_SYMBOL_EXTENSIONS = YES;
				CLANG_ANALYZER_NONNULL = YES;
				CLANG_ANALYZER_NUMBER_OBJECT_CONVERSION = YES_AGGRESSIVE;
				CLANG_CXX_LANGUAGE_STANDARD = "gnu++20";
				CLANG_ENABLE_MODULES = YES;
				CLANG_ENABLE_OBJC_ARC = YES;
				CLANG_ENABLE_OBJC_WEAK = YES;
				CLANG_WARN_BLOCK_CAPTURE_AUTORELEASING = YES;
				CLANG_WARN_BOOL_CONVERSION = YES;
				CLANG_WARN_COMMA = YES;
				CLANG_WARN_CONSTANT_CONVERSION = YES;
				CLANG_WARN_DEPRECATED_OBJC_IMPLEMENTATIONS = YES;
				CLANG_WARN_DIRECT_OBJC_ISA_USAGE = YES_ERROR;
				CLANG_WARN_DOCUMENTATION_COMMENTS = YES;
				CLANG_WARN_EMPTY_BODY = YES;
				CLANG_WARN_ENUM_CONVERSION = YES;
				CLANG_WARN_INFINITE_RECURSION = YES;
				CLANG_WARN_INT_CONVERSION = YES;
				CLANG_WARN_NON_LITERAL_NULL_CONVERSION = YES;
				CLANG_WARN_OBJC_IMPLICIT_RETAIN_SELF = YES;
				CLANG_WARN_OBJC_LITERAL_CONVERSION = YES;
				CLANG_WARN_OBJC_ROOT_CLASS = YES_ERROR;
				CLANG_WARN_QUOTED_INCLUDE_IN_FRAMEWORK_HEADER = YES;
				CLANG_WARN_RANGE_LOOP_ANALYSIS = YES;
				CLANG_WARN_STRICT_PROTOTYPES = YES;
				CLANG_WARN_SUSPICIOUS_MOVE = YES;
				CLANG_WARN_UNGUARDED_AVAILABILITY = YES_AGGRESSIVE;
				CLANG_WARN_UNREACHABLE_CODE = YES;
				CLANG_WARN__DUPLICATE_METHOD_MATCH = YES;
				COPY_PHASE_STRIP = NO;
				DEBUG_INFORMATION_FORMAT = "dwarf-with-dsym";
				ENABLE_NS_ASSERTIONS = NO;
				ENABLE_STRICT_OBJC_MSGSEND = YES;
				ENABLE_USER_SCRIPT_SANDBOXING = YES;
				GCC_C_LANGUAGE_STANDARD = gnu17;
				GCC_NO_COMMON_BLOCKS = YES;
				GCC_WARN_64_TO_32_BIT_CONVERSION = YES;
				GCC_WARN_ABOUT_RETURN_TYPE = YES_ERROR;
				GCC_WARN_UNDECLARED_SELECTOR = YES;
				GCC_WARN_UNINITIALIZED_AUTOS = YES_AGGRESSIVE;
				GCC_WARN_UNUSED_FUNCTION = YES;
				GCC_WARN_UNUSED_VARIABLE = YES;
				LOCALIZATION_PREFERS_STRING_CATALOGS = YES;
				MTL_ENABLE_DEBUG_INFO = NO;
				MTL_FAST_MATH = YES;
				SWIFT_COMPILATION_MODE = wholemodule;
			};
			name = Release;
		};
		184A2DB52C53EB3100A743A3 /* Debug */ = {
			isa = XCBuildConfiguration;
			buildSettings = {
				ASSETCATALOG_COMPILER_APPICON_NAME = AppIcon;
				ASSETCATALOG_COMPILER_GLOBAL_ACCENT_COLOR_NAME = AccentColor;
				CODE_SIGN_ENTITLEMENTS = SwiftUILearn/SwiftUILearn.entitlements;
				CODE_SIGN_STYLE = Automatic;
				CURRENT_PROJECT_VERSION = 1;
				DEVELOPMENT_ASSET_PATHS = "\"SwiftUILearn/Preview Content\"";
				DEVELOPMENT_TEAM = CPL4GGWSTS;
				ENABLE_HARDENED_RUNTIME = YES;
				ENABLE_PREVIEWS = YES;
				GENERATE_INFOPLIST_FILE = YES;
				"INFOPLIST_KEY_UIApplicationSceneManifest_Generation[sdk=iphoneos*]" = YES;
				"INFOPLIST_KEY_UIApplicationSceneManifest_Generation[sdk=iphonesimulator*]" = YES;
				"INFOPLIST_KEY_UIApplicationSupportsIndirectInputEvents[sdk=iphoneos*]" = YES;
				"INFOPLIST_KEY_UIApplicationSupportsIndirectInputEvents[sdk=iphonesimulator*]" = YES;
				"INFOPLIST_KEY_UILaunchScreen_Generation[sdk=iphoneos*]" = YES;
				"INFOPLIST_KEY_UILaunchScreen_Generation[sdk=iphonesimulator*]" = YES;
				"INFOPLIST_KEY_UIStatusBarStyle[sdk=iphoneos*]" = UIStatusBarStyleDefault;
				"INFOPLIST_KEY_UIStatusBarStyle[sdk=iphonesimulator*]" = UIStatusBarStyleDefault;
				INFOPLIST_KEY_UISupportedInterfaceOrientations_iPad = "UIInterfaceOrientationPortrait UIInterfaceOrientationPortraitUpsideDown UIInterfaceOrientationLandscapeLeft UIInterfaceOrientationLandscapeRight";
				INFOPLIST_KEY_UISupportedInterfaceOrientations_iPhone = "UIInterfaceOrientationPortrait UIInterfaceOrientationLandscapeLeft UIInterfaceOrientationLandscapeRight";
				IPHONEOS_DEPLOYMENT_TARGET = 17.0;
				LD_RUNPATH_SEARCH_PATHS = "@executable_path/Frameworks";
				"LD_RUNPATH_SEARCH_PATHS[sdk=macosx*]" = "@executable_path/../Frameworks";
				MACOSX_DEPLOYMENT_TARGET = 14.0;
				MARKETING_VERSION = 1.0;
				PRODUCT_BUNDLE_IDENTIFIER = com.uusafe.SwiftUILearn;
				PRODUCT_NAME = "$(TARGET_NAME)";
				SDKROOT = auto;
				SUPPORTED_PLATFORMS = "iphoneos iphonesimulator macosx";
				SWIFT_EMIT_LOC_STRINGS = YES;
				SWIFT_VERSION = 5.0;
				TARGETED_DEVICE_FAMILY = "1,2";
			};
			name = Debug;
		};
		184A2DB62C53EB3100A743A3 /* Release */ = {
			isa = XCBuildConfiguration;
			buildSettings = {
				ASSETCATALOG_COMPILER_APPICON_NAME = AppIcon;
				ASSETCATALOG_COMPILER_GLOBAL_ACCENT_COLOR_NAME = AccentColor;
				CODE_SIGN_ENTITLEMENTS = SwiftUILearn/SwiftUILearn.entitlements;
				CODE_SIGN_STYLE = Automatic;
				CURRENT_PROJECT_VERSION = 1;
				DEVELOPMENT_ASSET_PATHS = "\"SwiftUILearn/Preview Content\"";
				DEVELOPMENT_TEAM = CPL4GGWSTS;
				ENABLE_HARDENED_RUNTIME = YES;
				ENABLE_PREVIEWS = YES;
				GENERATE_INFOPLIST_FILE = YES;
				"INFOPLIST_KEY_UIApplicationSceneManifest_Generation[sdk=iphoneos*]" = YES;
				"INFOPLIST_KEY_UIApplicationSceneManifest_Generation[sdk=iphonesimulator*]" = YES;
				"INFOPLIST_KEY_UIApplicationSupportsIndirectInputEvents[sdk=iphoneos*]" = YES;
				"INFOPLIST_KEY_UIApplicationSupportsIndirectInputEvents[sdk=iphonesimulator*]" = YES;
				"INFOPLIST_KEY_UILaunchScreen_Generation[sdk=iphoneos*]" = YES;
				"INFOPLIST_KEY_UILaunchScreen_Generation[sdk=iphonesimulator*]" = YES;
				"INFOPLIST_KEY_UIStatusBarStyle[sdk=iphoneos*]" = UIStatusBarStyleDefault;
				"INFOPLIST_KEY_UIStatusBarStyle[sdk=iphonesimulator*]" = UIStatusBarStyleDefault;
				INFOPLIST_KEY_UISupportedInterfaceOrientations_iPad = "UIInterfaceOrientationPortrait UIInterfaceOrientationPortraitUpsideDown UIInterfaceOrientationLandscapeLeft UIInterfaceOrientationLandscapeRight";
				INFOPLIST_KEY_UISupportedInterfaceOrientations_iPhone = "UIInterfaceOrientationPortrait UIInterfaceOrientationLandscapeLeft UIInterfaceOrientationLandscapeRight";
				IPHONEOS_DEPLOYMENT_TARGET = 17.0;
				LD_RUNPATH_SEARCH_PATHS = "@executable_path/Frameworks";
				"LD_RUNPATH_SEARCH_PATHS[sdk=macosx*]" = "@executable_path/../Frameworks";
				MACOSX_DEPLOYMENT_TARGET = 14.0;
				MARKETING_VERSION = 1.0;
				PRODUCT_BUNDLE_IDENTIFIER = com.uusafe.SwiftUILearn;
				PRODUCT_NAME = "$(TARGET_NAME)";
				SDKROOT = auto;
				SUPPORTED_PLATFORMS = "iphoneos iphonesimulator macosx";
				SWIFT_EMIT_LOC_STRINGS = YES;
				SWIFT_VERSION = 5.0;
				TARGETED_DEVICE_FAMILY = "1,2";
			};
			name = Release;
		};
/* End XCBuildConfiguration section */

/* Begin XCConfigurationList section */
		184A2DA02C53EB3000A743A3 /* Build configuration list for PBXProject "SwiftUILearn" */ = {
			isa = XCConfigurationList;
			buildConfigurations = (
				184A2DB22C53EB3100A743A3 /* Debug */,
				184A2DB32C53EB3100A743A3 /* Release */,
			);
			defaultConfigurationIsVisible = 0;
			defaultConfigurationName = Release;
		};
		184A2DB42C53EB3100A743A3 /* Build configuration list for PBXNativeTarget "SwiftUILearn" */ = {
			isa = XCConfigurationList;
			buildConfigurations = (
				184A2DB52C53EB3100A743A3 /* Debug */,
				184A2DB62C53EB3100A743A3 /* Release */,
			);
			defaultConfigurationIsVisible = 0;
			defaultConfigurationName = Release;
		};
/* End XCConfigurationList section */

/* Begin XCRemoteSwiftPackageReference section */
		1828D5D52CF40E8C00E5EF75 /* XCRemoteSwiftPackageReference "swift-markdown-ui" */ = {
			isa = XCRemoteSwiftPackageReference;
			repositoryURL = "https://github.com/gonzalezreal/swift-markdown-ui.git";
			requirement = {
				kind = upToNextMajorVersion;
				minimumVersion = 2.4.1;
			};
		};
/* End XCRemoteSwiftPackageReference section */

/* Begin XCSwiftPackageProductDependency section */
		1828D5D62CF40E8C00E5EF75 /* MarkdownUI */ = {
			isa = XCSwiftPackageProductDependency;
			package = 1828D5D52CF40E8C00E5EF75 /* XCRemoteSwiftPackageReference "swift-markdown-ui" */;
			productName = MarkdownUI;
		};
/* End XCSwiftPackageProductDependency section */
	};
	rootObject = 184A2D9D2C53EB3000A743A3 /* Project object */;
}
